// !$*UTF8*$!
{
	archiveVersion = 1;
	classes = {
	};
	objectVersion = 50;
	objects = {

/* Begin PBXBuildFile section */
		964D9AD8265DD79C009396B7 /* AppDelegate.swift in Sources */ = {isa = PBXBuildFile; fileRef = 964D9AD7265DD79C009396B7 /* AppDelegate.swift */; };
		964D9ADA265DD79C009396B7 /* SceneDelegate.swift in Sources */ = {isa = PBXBuildFile; fileRef = 964D9AD9265DD79C009396B7 /* SceneDelegate.swift */; };
		964D9ADC265DD79C009396B7 /* ViewController.swift in Sources */ = {isa = PBXBuildFile; fileRef = 964D9ADB265DD79C009396B7 /* ViewController.swift */; };
		964D9ADF265DD79C009396B7 /* Main.storyboard in Resources */ = {isa = PBXBuildFile; fileRef = 964D9ADD265DD79C009396B7 /* Main.storyboard */; };
		964D9AE1265DD79D009396B7 /* Assets.xcassets in Resources */ = {isa = PBXBuildFile; fileRef = 964D9AE0265DD79D009396B7 /* Assets.xcassets */; };
		964D9AE4265DD79D009396B7 /* LaunchScreen.storyboard in Resources */ = {isa = PBXBuildFile; fileRef = 964D9AE2265DD79D009396B7 /* LaunchScreen.storyboard */; };
		964D9AF2265DD832009396B7 /* Refeicao.swift in Sources */ = {isa = PBXBuildFile; fileRef = 964D9AF1265DD832009396B7 /* Refeicao.swift */; };
		964D9AF6265DD840009396B7 /* Item.swift in Sources */ = {isa = PBXBuildFile; fileRef = 964D9AF5265DD840009396B7 /* Item.swift */; };
		96704FDC2671A6790099927D /* Alerta.swift in Sources */ = {isa = PBXBuildFile; fileRef = 96704FDB2671A6790099927D /* Alerta.swift */; };
		96BB506D2675933E00279287 /* RemoveRefeicaoViewController.swift in Sources */ = {isa = PBXBuildFile; fileRef = 96BB506C2675933E00279287 /* RemoveRefeicaoViewController.swift */; };
		96BCA4682676BEDA002CA774 /* RefeicaoDAO.swift in Sources */ = {isa = PBXBuildFile; fileRef = 96BCA4672676BEDA002CA774 /* RefeicaoDAO.swift */; };
		96BCA46A2676C07C002CA774 /* ItemDAO.swift in Sources */ = {isa = PBXBuildFile; fileRef = 96BCA4692676C07C002CA774 /* ItemDAO.swift */; };
		96E39C65266474CC00F95F74 /* RefeicoesTableViewController.swift in Sources */ = {isa = PBXBuildFile; fileRef = 96E39C64266474CC00F95F74 /* RefeicoesTableViewController.swift */; };
		96F76F2B266D4CFE00226D3B /* AdicionarItensViewController.swift in Sources */ = {isa = PBXBuildFile; fileRef = 96F76F29266D4CFE00226D3B /* AdicionarItensViewController.swift */; };
		96F76F2C266D4CFE00226D3B /* AdicionarItensViewController.xib in Resources */ = {isa = PBXBuildFile; fileRef = 96F76F2A266D4CFE00226D3B /* AdicionarItensViewController.xib */; };
/* End PBXBuildFile section */

/* Begin PBXFileReference section */
		964D9AD4265DD79C009396B7 /* foodone.app */ = {isa = PBXFileReference; explicitFileType = wrapper.application; includeInIndex = 0; path = foodone.app; sourceTree = BUILT_PRODUCTS_DIR; };
		964D9AD7265DD79C009396B7 /* AppDelegate.swift */ = {isa = PBXFileReference; lastKnownFileType = sourcecode.swift; path = AppDelegate.swift; sourceTree = "<group>"; };
		964D9AD9265DD79C009396B7 /* SceneDelegate.swift */ = {isa = PBXFileReference; lastKnownFileType = sourcecode.swift; path = SceneDelegate.swift; sourceTree = "<group>"; };
		964D9ADB265DD79C009396B7 /* ViewController.swift */ = {isa = PBXFileReference; lastKnownFileType = sourcecode.swift; path = ViewController.swift; sourceTree = "<group>"; };
		964D9ADE265DD79C009396B7 /* Base */ = {isa = PBXFileReference; lastKnownFileType = file.storyboard; name = Base; path = Base.lproj/Main.storyboard; sourceTree = "<group>"; };
		964D9AE0265DD79D009396B7 /* Assets.xcassets */ = {isa = PBXFileReference; lastKnownFileType = folder.assetcatalog; path = Assets.xcassets; sourceTree = "<group>"; };
		964D9AE3265DD79D009396B7 /* Base */ = {isa = PBXFileReference; lastKnownFileType = file.storyboard; name = Base; path = Base.lproj/LaunchScreen.storyboard; sourceTree = "<group>"; };
		964D9AE5265DD79D009396B7 /* Info.plist */ = {isa = PBXFileReference; lastKnownFileType = text.plist.xml; path = Info.plist; sourceTree = "<group>"; };
		964D9AF1265DD832009396B7 /* Refeicao.swift */ = {isa = PBXFileReference; lastKnownFileType = sourcecode.swift; path = Refeicao.swift; sourceTree = "<group>"; };
		964D9AF5265DD840009396B7 /* Item.swift */ = {isa = PBXFileReference; lastKnownFileType = sourcecode.swift; path = Item.swift; sourceTree = "<group>"; };
		96704FDB2671A6790099927D /* Alerta.swift */ = {isa = PBXFileReference; lastKnownFileType = sourcecode.swift; path = Alerta.swift; sourceTree = "<group>"; };
		96BB506C2675933E00279287 /* RemoveRefeicaoViewController.swift */ = {isa = PBXFileReference; lastKnownFileType = sourcecode.swift; path = RemoveRefeicaoViewController.swift; sourceTree = "<group>"; };
		96BCA4672676BEDA002CA774 /* RefeicaoDAO.swift */ = {isa = PBXFileReference; lastKnownFileType = sourcecode.swift; path = RefeicaoDAO.swift; sourceTree = "<group>"; };
		96BCA4692676C07C002CA774 /* ItemDAO.swift */ = {isa = PBXFileReference; lastKnownFileType = sourcecode.swift; path = ItemDAO.swift; sourceTree = "<group>"; };
		96E39C382663DE3F00F95F74 /* MyPlayground.playground */ = {isa = PBXFileReference; lastKnownFileType = file.playground; path = MyPlayground.playground; sourceTree = "<group>"; xcLanguageSpecificationIdentifier = xcode.lang.swift; };
		96E39C64266474CC00F95F74 /* RefeicoesTableViewController.swift */ = {isa = PBXFileReference; lastKnownFileType = sourcecode.swift; path = RefeicoesTableViewController.swift; sourceTree = "<group>"; };
		96F76F29266D4CFE00226D3B /* AdicionarItensViewController.swift */ = {isa = PBXFileReference; lastKnownFileType = sourcecode.swift; path = AdicionarItensViewController.swift; sourceTree = "<group>"; };
		96F76F2A266D4CFE00226D3B /* AdicionarItensViewController.xib */ = {isa = PBXFileReference; lastKnownFileType = file.xib; path = AdicionarItensViewController.xib; sourceTree = "<group>"; };
/* End PBXFileReference section */

/* Begin PBXFrameworksBuildPhase section */
		964D9AD1265DD79C009396B7 /* Frameworks */ = {
			isa = PBXFrameworksBuildPhase;
			buildActionMask = 2147483647;
			files = (
			);
			runOnlyForDeploymentPostprocessing = 0;
		};
/* End PBXFrameworksBuildPhase section */

/* Begin PBXGroup section */
		964D9ACB265DD79C009396B7 = {
			isa = PBXGroup;
			children = (
				964D9AD6265DD79C009396B7 /* foodone */,
				964D9AD5265DD79C009396B7 /* Products */,
			);
			sourceTree = "<group>";
		};
		964D9AD5265DD79C009396B7 /* Products */ = {
			isa = PBXGroup;
			children = (
				964D9AD4265DD79C009396B7 /* foodone.app */,
			);
			name = Products;
			sourceTree = "<group>";
		};
		964D9AD6265DD79C009396B7 /* foodone */ = {
			isa = PBXGroup;
			children = (
				964D9AD7265DD79C009396B7 /* AppDelegate.swift */,
				964D9AF8265DD96F009396B7 /* Models */,
				964D9AFA265DD9A6009396B7 /* Views */,
				964D9AF9265DD98E009396B7 /* Controllers */,
				964D9AD9265DD79C009396B7 /* SceneDelegate.swift */,
				964D9AE0265DD79D009396B7 /* Assets.xcassets */,
				96E39C382663DE3F00F95F74 /* MyPlayground.playground */,
				964D9AE2265DD79D009396B7 /* LaunchScreen.storyboard */,
				964D9AE5265DD79D009396B7 /* Info.plist */,
			);
			path = foodone;
			sourceTree = "<group>";
		};
		964D9AF8265DD96F009396B7 /* Models */ = {
			isa = PBXGroup;
			children = (
				964D9AF1265DD832009396B7 /* Refeicao.swift */,
				964D9AF5265DD840009396B7 /* Item.swift */,
				96704FDB2671A6790099927D /* Alerta.swift */,
				96BCA4672676BEDA002CA774 /* RefeicaoDAO.swift */,
				96BCA4692676C07C002CA774 /* ItemDAO.swift */,
			);
			path = Models;
			sourceTree = "<group>";
		};
		964D9AF9265DD98E009396B7 /* Controllers */ = {
			isa = PBXGroup;
			children = (
				964D9ADB265DD79C009396B7 /* ViewController.swift */,
				96F76F29266D4CFE00226D3B /* AdicionarItensViewController.swift */,
				96E39C64266474CC00F95F74 /* RefeicoesTableViewController.swift */,
				96BB506C2675933E00279287 /* RemoveRefeicaoViewController.swift */,
			);
			path = Controllers;
			sourceTree = "<group>";
		};
		964D9AFA265DD9A6009396B7 /* Views */ = {
			isa = PBXGroup;
			children = (
				964D9ADD265DD79C009396B7 /* Main.storyboard */,
				96F76F2A266D4CFE00226D3B /* AdicionarItensViewController.xib */,
			);
			path = Views;
			sourceTree = "<group>";
		};
/* End PBXGroup section */

/* Begin PBXNativeTarget section */
		964D9AD3265DD79C009396B7 /* foodone */ = {
			isa = PBXNativeTarget;
			buildConfigurationList = 964D9AE8265DD79D009396B7 /* Build configuration list for PBXNativeTarget "foodone" */;
			buildPhases = (
				964D9AD0265DD79C009396B7 /* Sources */,
				964D9AD1265DD79C009396B7 /* Frameworks */,
				964D9AD2265DD79C009396B7 /* Resources */,
			);
			buildRules = (
			);
			dependencies = (
			);
			name = foodone;
			productName = foodone;
			productReference = 964D9AD4265DD79C009396B7 /* foodone.app */;
			productType = "com.apple.product-type.application";
		};
/* End PBXNativeTarget section */

/* Begin PBXProject section */
		964D9ACC265DD79C009396B7 /* Project object */ = {
			isa = PBXProject;
			attributes = {
				LastSwiftUpdateCheck = 1240;
				LastUpgradeCheck = 1240;
				TargetAttributes = {
					964D9AD3265DD79C009396B7 = {
						CreatedOnToolsVersion = 12.4;
					};
				};
			};
			buildConfigurationList = 964D9ACF265DD79C009396B7 /* Build configuration list for PBXProject "foodone" */;
			compatibilityVersion = "Xcode 9.3";
			developmentRegion = en;
			hasScannedForEncodings = 0;
			knownRegions = (
				en,
				Base,
			);
			mainGroup = 964D9ACB265DD79C009396B7;
			productRefGroup = 964D9AD5265DD79C009396B7 /* Products */;
			projectDirPath = "";
			projectRoot = "";
			targets = (
				964D9AD3265DD79C009396B7 /* foodone */,
			);
		};
/* End PBXProject section */

/* Begin PBXResourcesBuildPhase section */
		964D9AD2265DD79C009396B7 /* Resources */ = {
			isa = PBXResourcesBuildPhase;
			buildActionMask = 2147483647;
			files = (
				964D9AE4265DD79D009396B7 /* LaunchScreen.storyboard in Resources */,
				964D9AE1265DD79D009396B7 /* Assets.xcassets in Resources */,
				96F76F2C266D4CFE00226D3B /* AdicionarItensViewController.xib in Resources */,
				964D9ADF265DD79C009396B7 /* Main.storyboard in Resources */,
			);
			runOnlyForDeploymentPostprocessing = 0;
		};
/* End PBXResourcesBuildPhase section */

/* Begin PBXSourcesBuildPhase section */
		964D9AD0265DD79C009396B7 /* Sources */ = {
			isa = PBXSourcesBuildPhase;
			buildActionMask = 2147483647;
			files = (
				96BCA4682676BEDA002CA774 /* RefeicaoDAO.swift in Sources */,
				96704FDC2671A6790099927D /* Alerta.swift in Sources */,
				96BCA46A2676C07C002CA774 /* ItemDAO.swift in Sources */,
				964D9AF6265DD840009396B7 /* Item.swift in Sources */,
				964D9ADC265DD79C009396B7 /* ViewController.swift in Sources */,
				96BB506D2675933E00279287 /* RemoveRefeicaoViewController.swift in Sources */,
				96F76F2B266D4CFE00226D3B /* AdicionarItensViewController.swift in Sources */,
				964D9AD8265DD79C009396B7 /* AppDelegate.swift in Sources */,
				96E39C65266474CC00F95F74 /* RefeicoesTableViewController.swift in Sources */,
				964D9ADA265DD79C009396B7 /* SceneDelegate.swift in Sources */,
				964D9AF2265DD832009396B7 /* Refeicao.swift in Sources */,
			);
			runOnlyForDeploymentPostprocessing = 0;
		};
/* End PBXSourcesBuildPhase section */

/* Begin PBXVariantGroup section */
		964D9ADD265DD79C009396B7 /* Main.storyboard */ = {
			isa = PBXVariantGroup;
			children = (
				964D9ADE265DD79C009396B7 /* Base */,
			);
			name = Main.storyboard;
			sourceTree = "<group>";
		};
		964D9AE2265DD79D009396B7 /* LaunchScreen.storyboard */ = {
			isa = PBXVariantGroup;
			children = (
				964D9AE3265DD79D009396B7 /* Base */,
			);
			name = LaunchScreen.storyboard;
			sourceTree = "<group>";
		};
/* End PBXVariantGroup section */

/* Begin XCBuildConfiguration section */
		964D9AE6265DD79D009396B7 /* Debug */ = {
			isa = XCBuildConfiguration;
			buildSettings = {
				ALWAYS_SEARCH_USER_PATHS = NO;
				CLANG_ANALYZER_NONNULL = YES;
				CLANG_ANALYZER_NUMBER_OBJECT_CONVERSION = YES_AGGRESSIVE;
				CLANG_CXX_LANGUAGE_STANDARD = "gnu++14";
				CLANG_CXX_LIBRARY = "libc++";
				CLANG_ENABLE_MODULES = YES;
				CLANG_ENABLE_OBJC_ARC = YES;
				CLANG_ENABLE_OBJC_WEAK = YES;
				CLANG_WARN_BLOCK_CAPTURE_AUTORELEASING = YES;
				CLANG_WARN_BOOL_CONVERSION = YES;
				CLANG_WARN_COMMA = YES;
				CLANG_WARN_CONSTANT_CONVERSION = YES;
				CLANG_WARN_DEPRECATED_OBJC_IMPLEMENTATIONS = YES;
				CLANG_WARN_DIRECT_OBJC_ISA_USAGE = YES_ERROR;
				CLANG_WARN_DOCUMENTATION_COMMENTS = YES;
				CLANG_WARN_EMPTY_BODY = YES;
				CLANG_WARN_ENUM_CONVERSION = YES;
				CLANG_WARN_INFINITE_RECURSION = YES;
				CLANG_WARN_INT_CONVERSION = YES;
				CLANG_WARN_NON_LITERAL_NULL_CONVERSION = YES;
				CLANG_WARN_OBJC_IMPLICIT_RETAIN_SELF = YES;
				CLANG_WARN_OBJC_LITERAL_CONVERSION = YES;
				CLANG_WARN_OBJC_ROOT_CLASS = YES_ERROR;
				CLANG_WARN_QUOTED_INCLUDE_IN_FRAMEWORK_HEADER = YES;
				CLANG_WARN_RANGE_LOOP_ANALYSIS = YES;
				CLANG_WARN_STRICT_PROTOTYPES = YES;
				CLANG_WARN_SUSPICIOUS_MOVE = YES;
				CLANG_WARN_UNGUARDED_AVAILABILITY = YES_AGGRESSIVE;
				CLANG_WARN_UNREACHABLE_CODE = YES;
				CLANG_WARN__DUPLICATE_METHOD_MATCH = YES;
				COPY_PHASE_STRIP = NO;
				DEBUG_INFORMATION_FORMAT = dwarf;
				ENABLE_STRICT_OBJC_MSGSEND = YES;
				ENABLE_TESTABILITY = YES;
				GCC_C_LANGUAGE_STANDARD = gnu11;
				GCC_DYNAMIC_NO_PIC = NO;
				GCC_NO_COMMON_BLOCKS = YES;
				GCC_OPTIMIZATION_LEVEL = 0;
				GCC_PREPROCESSOR_DEFINITIONS = (
					"DEBUG=1",
					"$(inherited)",
				);
				GCC_WARN_64_TO_32_BIT_CONVERSION = YES;
				GCC_WARN_ABOUT_RETURN_TYPE = YES_ERROR;
				GCC_WARN_UNDECLARED_SELECTOR = YES;
				GCC_WARN_UNINITIALIZED_AUTOS = YES_AGGRESSIVE;
				GCC_WARN_UNUSED_FUNCTION = YES;
				GCC_WARN_UNUSED_VARIABLE = YES;
				IPHONEOS_DEPLOYMENT_TARGET = 14.4;
				MTL_ENABLE_DEBUG_INFO = INCLUDE_SOURCE;
				MTL_FAST_MATH = YES;
				ONLY_ACTIVE_ARCH = YES;
				SDKROOT = iphoneos;
				SWIFT_ACTIVE_COMPILATION_CONDITIONS = DEBUG;
				SWIFT_OPTIMIZATION_LEVEL = "-Onone";
			};
			name = Debug;
		};
		964D9AE7265DD79D009396B7 /* Release */ = {
			isa = XCBuildConfiguration;
			buildSettings = {
				ALWAYS_SEARCH_USER_PATHS = NO;
				CLANG_ANALYZER_NONNULL = YES;
				CLANG_ANALYZER_NUMBER_OBJECT_CONVERSION = YES_AGGRESSIVE;
				CLANG_CXX_LANGUAGE_STANDARD = "gnu++14";
				CLANG_CXX_LIBRARY = "libc++";
				CLANG_ENABLE_MODULES = YES;
				CLANG_ENABLE_OBJC_ARC = YES;
				CLANG_ENABLE_OBJC_WEAK = YES;
				CLANG_WARN_BLOCK_CAPTURE_AUTORELEASING = YES;
				CLANG_WARN_BOOL_CONVERSION = YES;
				CLANG_WARN_COMMA = YES;
				CLANG_WARN_CONSTANT_CONVERSION = YES;
				CLANG_WARN_DEPRECATED_OBJC_IMPLEMENTATIONS = YES;
				CLANG_WARN_DIRECT_OBJC_ISA_USAGE = YES_ERROR;
				CLANG_WARN_DOCUMENTATION_COMMENTS = YES;
				CLANG_WARN_EMPTY_BODY = YES;
				CLANG_WARN_ENUM_CONVERSION = YES;
				CLANG_WARN_INFINITE_RECURSION = YES;
				CLANG_WARN_INT_CONVERSION = YES;
				CLANG_WARN_NON_LITERAL_NULL_CONVERSION = YES;
				CLANG_WARN_OBJC_IMPLICIT_RETAIN_SELF = YES;
				CLANG_WARN_OBJC_LITERAL_CONVERSION = YES;
				CLANG_WARN_OBJC_ROOT_CLASS = YES_ERROR;
				CLANG_WARN_QUOTED_INCLUDE_IN_FRAMEWORK_HEADER = YES;
				CLANG_WARN_RANGE_LOOP_ANALYSIS = YES;
				CLANG_WARN_STRICT_PROTOTYPES = YES;
				CLANG_WARN_SUSPICIOUS_MOVE = YES;
				CLANG_WARN_UNGUARDED_AVAILABILITY = YES_AGGRESSIVE;
				CLANG_WARN_UNREACHABLE_CODE = YES;
				CLANG_WARN__DUPLICATE_METHOD_MATCH = YES;
				COPY_PHASE_STRIP = NO;
				DEBUG_INFORMATION_FORMAT = "dwarf-with-dsym";
				ENABLE_NS_ASSERTIONS = NO;
				ENABLE_STRICT_OBJC_MSGSEND = YES;
				GCC_C_LANGUAGE_STANDARD = gnu11;
				GCC_NO_COMMON_BLOCKS = YES;
				GCC_WARN_64_TO_32_BIT_CONVERSION = YES;
				GCC_WARN_ABOUT_RETURN_TYPE = YES_ERROR;
				GCC_WARN_UNDECLARED_SELECTOR = YES;
				GCC_WARN_UNINITIALIZED_AUTOS = YES_AGGRESSIVE;
				GCC_WARN_UNUSED_FUNCTION = YES;
				GCC_WARN_UNUSED_VARIABLE = YES;
				IPHONEOS_DEPLOYMENT_TARGET = 14.4;
				MTL_ENABLE_DEBUG_INFO = NO;
				MTL_FAST_MATH = YES;
				SDKROOT = iphoneos;
				SWIFT_COMPILATION_MODE = wholemodule;
				SWIFT_OPTIMIZATION_LEVEL = "-O";
				VALIDATE_PRODUCT = YES;
			};
			name = Release;
		};
		964D9AE9265DD79D009396B7 /* Debug */ = {
			isa = XCBuildConfiguration;
			buildSettings = {
				ASSETCATALOG_COMPILER_APPICON_NAME = AppIcon;
				ASSETCATALOG_COMPILER_GLOBAL_ACCENT_COLOR_NAME = AccentColor;
				CODE_SIGN_STYLE = Automatic;
				DEVELOPMENT_TEAM = X4MY575CF5;
				INFOPLIST_FILE = foodone/Info.plist;
				LD_RUNPATH_SEARCH_PATHS = (
					"$(inherited)",
					"@executable_path/Frameworks",
				);
				PRODUCT_BUNDLE_IDENTIFIER = br.com.matokano.foodone;
				PRODUCT_NAME = "$(TARGET_NAME)";
				SWIFT_VERSION = 5.0;
				TARGETED_DEVICE_FAMILY = "1,2";
			};
			name = Debug;
		};
		964D9AEA265DD79D009396B7 /* Release */ = {
			isa = XCBuildConfiguration;
			buildSettings = {
				ASSETCATALOG_COMPILER_APPICON_NAME = AppIcon;
				ASSETCATALOG_COMPILER_GLOBAL_ACCENT_COLOR_NAME = AccentColor;
				CODE_SIGN_STYLE = Automatic;
				DEVELOPMENT_TEAM = X4MY575CF5;
				INFOPLIST_FILE = foodone/Info.plist;
				LD_RUNPATH_SEARCH_PATHS = (
					"$(inherited)",
					"@executable_path/Frameworks",
				);
				PRODUCT_BUNDLE_IDENTIFIER = br.com.matokano.foodone;
				PRODUCT_NAME = "$(TARGET_NAME)";
				SWIFT_VERSION = 5.0;
				TARGETED_DEVICE_FAMILY = "1,2";
			};
			name = Release;
		};
/* End XCBuildConfiguration section */

/* Begin XCConfigurationList section */
		964D9ACF265DD79C009396B7 /* Build configuration list for PBXProject "foodone" */ = {
			isa = XCConfigurationList;
			buildConfigurations = (
				964D9AE6265DD79D009396B7 /* Debug */,
				964D9AE7265DD79D009396B7 /* Release */,
			);
			defaultConfigurationIsVisible = 0;
			defaultConfigurationName = Release;
		};
		964D9AE8265DD79D009396B7 /* Build configuration list for PBXNativeTarget "foodone" */ = {
			isa = XCConfigurationList;
			buildConfigurations = (
				964D9AE9265DD79D009396B7 /* Debug */,
				964D9AEA265DD79D009396B7 /* Release */,
			);
			defaultConfigurationIsVisible = 0;
			defaultConfigurationName = Release;
		};
/* End XCConfigurationList section */
	};
	rootObject = 964D9ACC265DD79C009396B7 /* Project object */;
}
